
Microsoft Visual Studio Solution File, Format Version 12.00
# Visual Studio 15
Project("{FAE04EC0-301F-11D3-BF4B-00C04F79EFBC}") = "Assembly-CSharp", "Assembly-CSharp.csproj", "{3BF4CDCC-9D52-8BCD-525D-292753F488FE}"
EndProject
Global
	GlobalSection(SolutionConfigurationPlatforms) = preSolution
		Debug|Any CPU = Debug|Any CPU
		Release|Any CPU = Release|Any CPU
	EndGlobalSection
	GlobalSection(ProjectConfigurationPlatforms) = postSolution
		{3BF4CDCC-9D52-8BCD-525D-292753F488FE}.Debug|Any CPU.ActiveCfg = Debug|Any CPU
		{3BF4CDCC-9D52-8BCD-525D-292753F488FE}.Debug|Any CPU.Build.0 = Debug|Any CPU
		{3BF4CDCC-9D52-8BCD-525D-292753F488FE}.Release|Any CPU.ActiveCfg = Release|Any CPU
		{3BF4CDCC-9D52-8BCD-525D-292753F488FE}.Release|Any CPU.Build.0 = Release|Any CPU
	EndGlobalSection
	GlobalSection(SolutionProperties) = preSolution
		HideSolutionNode = FALSE
	EndGlobalSection
EndGlobal
